
Microsoft Visual Studio Solution File, Format Version 12.00
# Visual Studio 2013
VisualStudioVersion = 12.0.21005.1
MinimumVisualStudioVersion = 10.0.40219.1
Project("{9092AA53-FB77-4645-B42D-1CCCA6BD08BD}") = "all", "all.njsproj", "{22BFD25B-3C02-4E97-9750-710F202ECEFD}"
EndProject
Project("{FAE04EC0-301F-11D3-BF4B-00C04F79EFBC}") = "CodeReviewLauncher", "CodeReviewLauncher\CodeReviewLauncher.csproj", "{3FD383EA-BDD7-460B-A869-8D7C8A4E44A7}"
EndProject
Project("{FAE04EC0-301F-11D3-BF4B-00C04F79EFBC}") = "vdiff32", "vdiff32\vdiff32.csproj", "{A908202A-EB2E-4411-A0C7-070A221D2DEB}"
EndProject
Global
	GlobalSection(SolutionConfigurationPlatforms) = preSolution
		Debug|Any CPU = Debug|Any CPU
		Release|Any CPU = Release|Any CPU
	EndGlobalSection
	GlobalSection(ProjectConfigurationPlatforms) = postSolution
		{22BFD25B-3C02-4E97-9750-710F202ECEFD}.Debug|Any CPU.ActiveCfg = Debug|Any CPU
		{22BFD25B-3C02-4E97-9750-710F202ECEFD}.Debug|Any CPU.Build.0 = Debug|Any CPU
		{22BFD25B-3C02-4E97-9750-710F202ECEFD}.Release|Any CPU.ActiveCfg = Release|Any CPU
		{22BFD25B-3C02-4E97-9750-710F202ECEFD}.Release|Any CPU.Build.0 = Release|Any CPU
		{3FD383EA-BDD7-460B-A869-8D7C8A4E44A7}.Debug|Any CPU.ActiveCfg = Debug|Any CPU
		{3FD383EA-BDD7-460B-A869-8D7C8A4E44A7}.Debug|Any CPU.Build.0 = Debug|Any CPU
		{3FD383EA-BDD7-460B-A869-8D7C8A4E44A7}.Release|Any CPU.ActiveCfg = Release|Any CPU
		{3FD383EA-BDD7-460B-A869-8D7C8A4E44A7}.Release|Any CPU.Build.0 = Release|Any CPU
		{A908202A-EB2E-4411-A0C7-070A221D2DEB}.Debug|Any CPU.ActiveCfg = Debug|Any CPU
		{A908202A-EB2E-4411-A0C7-070A221D2DEB}.Debug|Any CPU.Build.0 = Debug|Any CPU
		{A908202A-EB2E-4411-A0C7-070A221D2DEB}.Release|Any CPU.ActiveCfg = Release|Any CPU
		{A908202A-EB2E-4411-A0C7-070A221D2DEB}.Release|Any CPU.Build.0 = Release|Any CPU
	EndGlobalSection
	GlobalSection(SolutionProperties) = preSolution
		HideSolutionNode = FALSE
	EndGlobalSection
EndGlobal
